
Microsoft Visual Studio Solution File, Format Version 12.00
# Visual Studio 2013
VisualStudioVersion = 12.0.31101.0
MinimumVisualStudioVersion = 10.0.40219.1
Project("{656346D9-4656-40DA-A068-22D5425D4639}") = "DiskInfo", "..\lib\DiskInfo\DiskInfo.oxygene", "{EA8BA804-FCE9-4C91-ADB7-71F8E2DD4D9D}"
EndProject
Project("{656346D9-4656-40DA-A068-22D5425D4639}") = "TestDiskInfoConsole", "..\lib\DiskInfo\TestDiskInfoConsole\TestDiskInfoConsole.oxygene", "{DE63202A-825E-4E02-AC62-DFB7168AAD56}"
EndProject
Project("{656346D9-4656-40DA-A068-22D5425D4639}") = "DiskInfoWindowsForms", "DiskInfoWindowsForms\Server\DiskInfoWindowsForms.oxygene", "{E2B05BEC-4C42-4309-8B02-3748D477AC35}"
EndProject
Project("{656346D9-4656-40DA-A068-22D5425D4639}") = "DiskInfoService", "DiskInfoService\Server\DiskInfoService.oxygene", "{F862BD76-0760-408F-9F8C-20B3B31659DF}"
EndProject
Project("{656346D9-4656-40DA-A068-22D5425D4639}") = "DiskInfoClientWPF", "DiskInfoClientWPF\DiskInfoClientWPF.oxygene", "{84CA72F8-A475-41E1-8F29-3C8956F2CF95}"
EndProject
Project("{656346D9-4656-40DA-A068-22D5425D4639}") = "ChatClient", "C:\Users\Public\Documents\RemObjects Samples\RemObjects SDK for .NET\Oxygene\Chat\Client\ChatClient.oxygene", "{814DC3EC-C8BC-4833-A8F8-C63A0B811E5A}"
EndProject
Global
	GlobalSection(SolutionConfigurationPlatforms) = preSolution
		Debug|Mixed Platforms = Debug|Mixed Platforms
		Release|Mixed Platforms = Release|Mixed Platforms
	EndGlobalSection
	GlobalSection(ProjectConfigurationPlatforms) = postSolution
		{EA8BA804-FCE9-4C91-ADB7-71F8E2DD4D9D}.Debug|Mixed Platforms.ActiveCfg = Debug
		{EA8BA804-FCE9-4C91-ADB7-71F8E2DD4D9D}.Debug|Mixed Platforms.Build.0 = Debug
		{EA8BA804-FCE9-4C91-ADB7-71F8E2DD4D9D}.Release|Mixed Platforms.ActiveCfg = Release
		{EA8BA804-FCE9-4C91-ADB7-71F8E2DD4D9D}.Release|Mixed Platforms.Build.0 = Release
		{DE63202A-825E-4E02-AC62-DFB7168AAD56}.Debug|Mixed Platforms.ActiveCfg = Debug
		{DE63202A-825E-4E02-AC62-DFB7168AAD56}.Debug|Mixed Platforms.Build.0 = Debug
		{DE63202A-825E-4E02-AC62-DFB7168AAD56}.Release|Mixed Platforms.ActiveCfg = Release
		{DE63202A-825E-4E02-AC62-DFB7168AAD56}.Release|Mixed Platforms.Build.0 = Release
		{E2B05BEC-4C42-4309-8B02-3748D477AC35}.Debug|Mixed Platforms.ActiveCfg = Debug
		{E2B05BEC-4C42-4309-8B02-3748D477AC35}.Debug|Mixed Platforms.Build.0 = Debug
		{E2B05BEC-4C42-4309-8B02-3748D477AC35}.Release|Mixed Platforms.ActiveCfg = Release
		{E2B05BEC-4C42-4309-8B02-3748D477AC35}.Release|Mixed Platforms.Build.0 = Release
		{F862BD76-0760-408F-9F8C-20B3B31659DF}.Debug|Mixed Platforms.ActiveCfg = Debug
		{F862BD76-0760-408F-9F8C-20B3B31659DF}.Debug|Mixed Platforms.Build.0 = Debug
		{F862BD76-0760-408F-9F8C-20B3B31659DF}.Release|Mixed Platforms.ActiveCfg = Release
		{F862BD76-0760-408F-9F8C-20B3B31659DF}.Release|Mixed Platforms.Build.0 = Release
		{84CA72F8-A475-41E1-8F29-3C8956F2CF95}.Debug|Mixed Platforms.ActiveCfg = Debug
		{84CA72F8-A475-41E1-8F29-3C8956F2CF95}.Debug|Mixed Platforms.Build.0 = Debug
		{84CA72F8-A475-41E1-8F29-3C8956F2CF95}.Release|Mixed Platforms.ActiveCfg = Release
		{84CA72F8-A475-41E1-8F29-3C8956F2CF95}.Release|Mixed Platforms.Build.0 = Release
		{814DC3EC-C8BC-4833-A8F8-C63A0B811E5A}.Debug|Mixed Platforms.ActiveCfg = Debug
		{814DC3EC-C8BC-4833-A8F8-C63A0B811E5A}.Debug|Mixed Platforms.Build.0 = Debug
		{814DC3EC-C8BC-4833-A8F8-C63A0B811E5A}.Release|Mixed Platforms.ActiveCfg = Release
		{814DC3EC-C8BC-4833-A8F8-C63A0B811E5A}.Release|Mixed Platforms.Build.0 = Release
	EndGlobalSection
	GlobalSection(SolutionProperties) = preSolution
		HideSolutionNode = FALSE
	EndGlobalSection
EndGlobal
